// !$*UTF8*$!
{
	archiveVersion = 1;
	classes = {
	};
	objectVersion = 46;
	objects = {

/* Begin PBXBuildFile section */
		235B35321DB2A78C006315DA /* MovieCell.swift in Sources */ = {isa = PBXBuildFile; fileRef = 235B35311DB2A78C006315DA /* MovieCell.swift */; };
		236390FC1DB295D200F348F3 /* MoviesViewController.swift in Sources */ = {isa = PBXBuildFile; fileRef = 236390FB1DB295D200F348F3 /* MoviesViewController.swift */; };
		23805ABB1DB2BAF300EE185A /* DetailViewController.swift in Sources */ = {isa = PBXBuildFile; fileRef = 23805ABA1DB2BAF300EE185A /* DetailViewController.swift */; };
		238FA5BA1DB2820000ECA495 /* AppDelegate.swift in Sources */ = {isa = PBXBuildFile; fileRef = 238FA5B91DB2820000ECA495 /* AppDelegate.swift */; };
		238FA5BF1DB2820000ECA495 /* Main.storyboard in Resources */ = {isa = PBXBuildFile; fileRef = 238FA5BD1DB2820000ECA495 /* Main.storyboard */; };
		238FA5C11DB2820000ECA495 /* Assets.xcassets in Resources */ = {isa = PBXBuildFile; fileRef = 238FA5C01DB2820000ECA495 /* Assets.xcassets */; };
		238FA5C41DB2820000ECA495 /* LaunchScreen.storyboard in Resources */ = {isa = PBXBuildFile; fileRef = 238FA5C21DB2820000ECA495 /* LaunchScreen.storyboard */; };
		7561840E2B5147D606B7BE35 /* Pods_Week01_Flicks.framework in Frameworks */ = {isa = PBXBuildFile; fileRef = C31C01051D780D05364FB370 /* Pods_Week01_Flicks.framework */; };
/* End PBXBuildFile section */

/* Begin PBXFileReference section */
		235B35311DB2A78C006315DA /* MovieCell.swift */ = {isa = PBXFileReference; fileEncoding = 4; lastKnownFileType = sourcecode.swift; path = MovieCell.swift; sourceTree = "<group>"; };
		236390FB1DB295D200F348F3 /* MoviesViewController.swift */ = {isa = PBXFileReference; fileEncoding = 4; lastKnownFileType = sourcecode.swift; path = MoviesViewController.swift; sourceTree = "<group>"; };
		23805ABA1DB2BAF300EE185A /* DetailViewController.swift */ = {isa = PBXFileReference; fileEncoding = 4; lastKnownFileType = sourcecode.swift; path = DetailViewController.swift; sourceTree = "<group>"; };
		238FA5B61DB2820000ECA495 /* Week01_Flicks.app */ = {isa = PBXFileReference; explicitFileType = wrapper.application; includeInIndex = 0; path = Week01_Flicks.app; sourceTree = BUILT_PRODUCTS_DIR; };
		238FA5B91DB2820000ECA495 /* AppDelegate.swift */ = {isa = PBXFileReference; lastKnownFileType = sourcecode.swift; path = AppDelegate.swift; sourceTree = "<group>"; };
		238FA5BE1DB2820000ECA495 /* Base */ = {isa = PBXFileReference; lastKnownFileType = file.storyboard; name = Base; path = Base.lproj/Main.storyboard; sourceTree = "<group>"; };
		238FA5C01DB2820000ECA495 /* Assets.xcassets */ = {isa = PBXFileReference; lastKnownFileType = folder.assetcatalog; path = Assets.xcassets; sourceTree = "<group>"; };
		238FA5C31DB2820000ECA495 /* Base */ = {isa = PBXFileReference; lastKnownFileType = file.storyboard; name = Base; path = Base.lproj/LaunchScreen.storyboard; sourceTree = "<group>"; };
		238FA5C51DB2820000ECA495 /* Info.plist */ = {isa = PBXFileReference; lastKnownFileType = text.plist.xml; path = Info.plist; sourceTree = "<group>"; };
		74D44937E259A713A5B63366 /* Pods-Week01_Flicks.release.xcconfig */ = {isa = PBXFileReference; includeInIndex = 1; lastKnownFileType = text.xcconfig; name = "Pods-Week01_Flicks.release.xcconfig"; path = "Pods/Target Support Files/Pods-Week01_Flicks/Pods-Week01_Flicks.release.xcconfig"; sourceTree = "<group>"; };
		C31C01051D780D05364FB370 /* Pods_Week01_Flicks.framework */ = {isa = PBXFileReference; explicitFileType = wrapper.framework; includeInIndex = 0; path = Pods_Week01_Flicks.framework; sourceTree = BUILT_PRODUCTS_DIR; };
		D9A19F315AE6AF3E54E9B885 /* Pods-Week01_Flicks.debug.xcconfig */ = {isa = PBXFileReference; includeInIndex = 1; lastKnownFileType = text.xcconfig; name = "Pods-Week01_Flicks.debug.xcconfig"; path = "Pods/Target Support Files/Pods-Week01_Flicks/Pods-Week01_Flicks.debug.xcconfig"; sourceTree = "<group>"; };
/* End PBXFileReference section */

/* Begin PBXFrameworksBuildPhase section */
		238FA5B31DB2820000ECA495 /* Frameworks */ = {
			isa = PBXFrameworksBuildPhase;
			buildActionMask = 2147483647;
			files = (
				7561840E2B5147D606B7BE35 /* Pods_Week01_Flicks.framework in Frameworks */,
			);
			runOnlyForDeploymentPostprocessing = 0;
		};
/* End PBXFrameworksBuildPhase section */

/* Begin PBXGroup section */
		235B35301DB2A745006315DA /* Views */ = {
			isa = PBXGroup;
			children = (
				235B35311DB2A78C006315DA /* MovieCell.swift */,
			);
			name = Views;
			sourceTree = "<group>";
		};
		235B35331DB2A7A9006315DA /* ViewControllers */ = {
			isa = PBXGroup;
			children = (
				236390FB1DB295D200F348F3 /* MoviesViewController.swift */,
				23805ABA1DB2BAF300EE185A /* DetailViewController.swift */,
			);
			name = ViewControllers;
			sourceTree = "<group>";
		};
		238FA5AD1DB281FF00ECA495 = {
			isa = PBXGroup;
			children = (
				238FA5B81DB2820000ECA495 /* Week01_Flicks */,
				238FA5B71DB2820000ECA495 /* Products */,
				999DC54275543D05417469DB /* Pods */,
				985D29CBBE29694CFF998820 /* Frameworks */,
			);
			sourceTree = "<group>";
		};
		238FA5B71DB2820000ECA495 /* Products */ = {
			isa = PBXGroup;
			children = (
				238FA5B61DB2820000ECA495 /* Week01_Flicks.app */,
			);
			name = Products;
			sourceTree = "<group>";
		};
		238FA5B81DB2820000ECA495 /* Week01_Flicks */ = {
			isa = PBXGroup;
			children = (
				235B35331DB2A7A9006315DA /* ViewControllers */,
				235B35301DB2A745006315DA /* Views */,
				238FA5B91DB2820000ECA495 /* AppDelegate.swift */,
				238FA5BD1DB2820000ECA495 /* Main.storyboard */,
				238FA5C01DB2820000ECA495 /* Assets.xcassets */,
				238FA5C21DB2820000ECA495 /* LaunchScreen.storyboard */,
				238FA5C51DB2820000ECA495 /* Info.plist */,
			);
			path = Week01_Flicks;
			sourceTree = "<group>";
		};
		985D29CBBE29694CFF998820 /* Frameworks */ = {
			isa = PBXGroup;
			children = (
				C31C01051D780D05364FB370 /* Pods_Week01_Flicks.framework */,
			);
			name = Frameworks;
			sourceTree = "<group>";
		};
		999DC54275543D05417469DB /* Pods */ = {
			isa = PBXGroup;
			children = (
				D9A19F315AE6AF3E54E9B885 /* Pods-Week01_Flicks.debug.xcconfig */,
				74D44937E259A713A5B63366 /* Pods-Week01_Flicks.release.xcconfig */,
			);
			name = Pods;
			sourceTree = "<group>";
		};
/* End PBXGroup section */

/* Begin PBXNativeTarget section */
		238FA5B51DB2820000ECA495 /* Week01_Flicks */ = {
			isa = PBXNativeTarget;
			buildConfigurationList = 238FA5C81DB2820000ECA495 /* Build configuration list for PBXNativeTarget "Week01_Flicks" */;
			buildPhases = (
				1EDF08FDFC9610FF1E61E4C3 /* [CP] Check Pods Manifest.lock */,
				238FA5B21DB2820000ECA495 /* Sources */,
				238FA5B31DB2820000ECA495 /* Frameworks */,
				238FA5B41DB2820000ECA495 /* Resources */,
				7DD323CED47D9D75FA089492 /* [CP] Embed Pods Frameworks */,
				F4DD7D61791B289438899CA2 /* [CP] Copy Pods Resources */,
			);
			buildRules = (
			);
			dependencies = (
			);
			name = Week01_Flicks;
			productName = Week01_Flicks;
			productReference = 238FA5B61DB2820000ECA495 /* Week01_Flicks.app */;
			productType = "com.apple.product-type.application";
		};
/* End PBXNativeTarget section */

/* Begin PBXProject section */
		238FA5AE1DB281FF00ECA495 /* Project object */ = {
			isa = PBXProject;
			attributes = {
				LastSwiftUpdateCheck = 0800;
				LastUpgradeCheck = 0800;
				ORGANIZATIONNAME = TRUNG;
				TargetAttributes = {
					238FA5B51DB2820000ECA495 = {
						CreatedOnToolsVersion = 8.0;
						ProvisioningStyle = Automatic;
					};
				};
			};
			buildConfigurationList = 238FA5B11DB281FF00ECA495 /* Build configuration list for PBXProject "Week01_Flicks" */;
			compatibilityVersion = "Xcode 3.2";
			developmentRegion = English;
			hasScannedForEncodings = 0;
			knownRegions = (
				en,
				Base,
			);
			mainGroup = 238FA5AD1DB281FF00ECA495;
			productRefGroup = 238FA5B71DB2820000ECA495 /* Products */;
			projectDirPath = "";
			projectRoot = "";
			targets = (
				238FA5B51DB2820000ECA495 /* Week01_Flicks */,
			);
		};
/* End PBXProject section */

/* Begin PBXResourcesBuildPhase section */
		238FA5B41DB2820000ECA495 /* Resources */ = {
			isa = PBXResourcesBuildPhase;
			buildActionMask = 2147483647;
			files = (
				238FA5C41DB2820000ECA495 /* LaunchScreen.storyboard in Resources */,
				238FA5C11DB2820000ECA495 /* Assets.xcassets in Resources */,
				238FA5BF1DB2820000ECA495 /* Main.storyboard in Resources */,
			);
			runOnlyForDeploymentPostprocessing = 0;
		};
/* End PBXResourcesBuildPhase section */

/* Begin PBXShellScriptBuildPhase section */
		1EDF08FDFC9610FF1E61E4C3 /* [CP] Check Pods Manifest.lock */ = {
			isa = PBXShellScriptBuildPhase;
			buildActionMask = 2147483647;
			files = (
			);
			inputPaths = (
			);
			name = "[CP] Check Pods Manifest.lock";
			outputPaths = (
			);
			runOnlyForDeploymentPostprocessing = 0;
			shellPath = /bin/sh;
			shellScript = "diff \"${PODS_ROOT}/../Podfile.lock\" \"${PODS_ROOT}/Manifest.lock\" > /dev/null\nif [[ $? != 0 ]] ; then\n    cat << EOM\nerror: The sandbox is not in sync with the Podfile.lock. Run 'pod install' or update your CocoaPods installation.\nEOM\n    exit 1\nfi\n";
			showEnvVarsInLog = 0;
		};
		7DD323CED47D9D75FA089492 /* [CP] Embed Pods Frameworks */ = {
			isa = PBXShellScriptBuildPhase;
			buildActionMask = 2147483647;
			files = (
			);
			inputPaths = (
			);
			name = "[CP] Embed Pods Frameworks";
			outputPaths = (
			);
			runOnlyForDeploymentPostprocessing = 0;
			shellPath = /bin/sh;
			shellScript = "\"${SRCROOT}/Pods/Target Support Files/Pods-Week01_Flicks/Pods-Week01_Flicks-frameworks.sh\"\n";
			showEnvVarsInLog = 0;
		};
		F4DD7D61791B289438899CA2 /* [CP] Copy Pods Resources */ = {
			isa = PBXShellScriptBuildPhase;
			buildActionMask = 2147483647;
			files = (
			);
			inputPaths = (
			);
			name = "[CP] Copy Pods Resources";
			outputPaths = (
			);
			runOnlyForDeploymentPostprocessing = 0;
			shellPath = /bin/sh;
			shellScript = "\"${SRCROOT}/Pods/Target Support Files/Pods-Week01_Flicks/Pods-Week01_Flicks-resources.sh\"\n";
			showEnvVarsInLog = 0;
		};
/* End PBXShellScriptBuildPhase section */

/* Begin PBXSourcesBuildPhase section */
		238FA5B21DB2820000ECA495 /* Sources */ = {
			isa = PBXSourcesBuildPhase;
			buildActionMask = 2147483647;
			files = (
				238FA5BA1DB2820000ECA495 /* AppDelegate.swift in Sources */,
				236390FC1DB295D200F348F3 /* MoviesViewController.swift in Sources */,
				235B35321DB2A78C006315DA /* MovieCell.swift in Sources */,
				23805ABB1DB2BAF300EE185A /* DetailViewController.swift in Sources */,
			);
			runOnlyForDeploymentPostprocessing = 0;
		};
/* End PBXSourcesBuildPhase section */

/* Begin PBXVariantGroup section */
		238FA5BD1DB2820000ECA495 /* Main.storyboard */ = {
			isa = PBXVariantGroup;
			children = (
				238FA5BE1DB2820000ECA495 /* Base */,
			);
			name = Main.storyboard;
			sourceTree = "<group>";
		};
		238FA5C21DB2820000ECA495 /* LaunchScreen.storyboard */ = {
			isa = PBXVariantGroup;
			children = (
				238FA5C31DB2820000ECA495 /* Base */,
			);
			name = LaunchScreen.storyboard;
			sourceTree = "<group>";
		};
/* End PBXVariantGroup section */

/* Begin XCBuildConfiguration section */
		238FA5C61DB2820000ECA495 /* Debug */ = {
			isa = XCBuildConfiguration;
			buildSettings = {
				ALWAYS_SEARCH_USER_PATHS = NO;
				CLANG_ANALYZER_NONNULL = YES;
				CLANG_CXX_LANGUAGE_STANDARD = "gnu++0x";
				CLANG_CXX_LIBRARY = "libc++";
				CLANG_ENABLE_MODULES = YES;
				CLANG_ENABLE_OBJC_ARC = YES;
				CLANG_WARN_BOOL_CONVERSION = YES;
				CLANG_WARN_CONSTANT_CONVERSION = YES;
				CLANG_WARN_DIRECT_OBJC_ISA_USAGE = YES_ERROR;
				CLANG_WARN_DOCUMENTATION_COMMENTS = YES;
				CLANG_WARN_EMPTY_BODY = YES;
				CLANG_WARN_ENUM_CONVERSION = YES;
				CLANG_WARN_INFINITE_RECURSION = YES;
				CLANG_WARN_INT_CONVERSION = YES;
				CLANG_WARN_OBJC_ROOT_CLASS = YES_ERROR;
				CLANG_WARN_SUSPICIOUS_MOVES = YES;
				CLANG_WARN_UNREACHABLE_CODE = YES;
				CLANG_WARN__DUPLICATE_METHOD_MATCH = YES;
				"CODE_SIGN_IDENTITY[sdk=iphoneos*]" = "iPhone Developer";
				COPY_PHASE_STRIP = NO;
				DEBUG_INFORMATION_FORMAT = dwarf;
				ENABLE_STRICT_OBJC_MSGSEND = YES;
				ENABLE_TESTABILITY = YES;
				GCC_C_LANGUAGE_STANDARD = gnu99;
				GCC_DYNAMIC_NO_PIC = NO;
				GCC_NO_COMMON_BLOCKS = YES;
				GCC_OPTIMIZATION_LEVEL = 0;
				GCC_PREPROCESSOR_DEFINITIONS = (
					"DEBUG=1",
					"$(inherited)",
				);
				GCC_WARN_64_TO_32_BIT_CONVERSION = YES;
				GCC_WARN_ABOUT_RETURN_TYPE = YES_ERROR;
				GCC_WARN_UNDECLARED_SELECTOR = YES;
				GCC_WARN_UNINITIALIZED_AUTOS = YES_AGGRESSIVE;
				GCC_WARN_UNUSED_FUNCTION = YES;
				GCC_WARN_UNUSED_VARIABLE = YES;
				IPHONEOS_DEPLOYMENT_TARGET = 10.0;
				MTL_ENABLE_DEBUG_INFO = YES;
				ONLY_ACTIVE_ARCH = YES;
				SDKROOT = iphoneos;
				SWIFT_ACTIVE_COMPILATION_CONDITIONS = DEBUG;
				SWIFT_OPTIMIZATION_LEVEL = "-Onone";
			};
			name = Debug;
		};
		238FA5C71DB2820000ECA495 /* Release */ = {
			isa = XCBuildConfiguration;
			buildSettings = {
				ALWAYS_SEARCH_USER_PATHS = NO;
				CLANG_ANALYZER_NONNULL = YES;
				CLANG_CXX_LANGUAGE_STANDARD = "gnu++0x";
				CLANG_CXX_LIBRARY = "libc++";
				CLANG_ENABLE_MODULES = YES;
				CLANG_ENABLE_OBJC_ARC = YES;
				CLANG_WARN_BOOL_CONVERSION = YES;
				CLANG_WARN_CONSTANT_CONVERSION = YES;
				CLANG_WARN_DIRECT_OBJC_ISA_USAGE = YES_ERROR;
				CLANG_WARN_DOCUMENTATION_COMMENTS = YES;
				CLANG_WARN_EMPTY_BODY = YES;
				CLANG_WARN_ENUM_CONVERSION = YES;
				CLANG_WARN_INFINITE_RECURSION = YES;
				CLANG_WARN_INT_CONVERSION = YES;
				CLANG_WARN_OBJC_ROOT_CLASS = YES_ERROR;
				CLANG_WARN_SUSPICIOUS_MOVES = YES;
				CLANG_WARN_UNREACHABLE_CODE = YES;
				CLANG_WARN__DUPLICATE_METHOD_MATCH = YES;
				"CODE_SIGN_IDENTITY[sdk=iphoneos*]" = "iPhone Developer";
				COPY_PHASE_STRIP = NO;
				DEBUG_INFORMATION_FORMAT = "dwarf-with-dsym";
				ENABLE_NS_ASSERTIONS = NO;
				ENABLE_STRICT_OBJC_MSGSEND = YES;
				GCC_C_LANGUAGE_STANDARD = gnu99;
				GCC_NO_COMMON_BLOCKS = YES;
				GCC_WARN_64_TO_32_BIT_CONVERSION = YES;
				GCC_WARN_ABOUT_RETURN_TYPE = YES_ERROR;
				GCC_WARN_UNDECLARED_SELECTOR = YES;
				GCC_WARN_UNINITIALIZED_AUTOS = YES_AGGRESSIVE;
				GCC_WARN_UNUSED_FUNCTION = YES;
				GCC_WARN_UNUSED_VARIABLE = YES;
				IPHONEOS_DEPLOYMENT_TARGET = 10.0;
				MTL_ENABLE_DEBUG_INFO = NO;
				SDKROOT = iphoneos;
				SWIFT_OPTIMIZATION_LEVEL = "-Owholemodule";
				VALIDATE_PRODUCT = YES;
			};
			name = Release;
		};
		238FA5C91DB2820000ECA495 /* Debug */ = {
			isa = XCBuildConfiguration;
			baseConfigurationReference = D9A19F315AE6AF3E54E9B885 /* Pods-Week01_Flicks.debug.xcconfig */;
			buildSettings = {
				ASSETCATALOG_COMPILER_APPICON_NAME = AppIcon;
				INFOPLIST_FILE = Week01_Flicks/Info.plist;
				LD_RUNPATH_SEARCH_PATHS = "$(inherited) @executable_path/Frameworks";
				PRODUCT_BUNDLE_IDENTIFIER = "TRUNG.Week01-Flicks";
				PRODUCT_NAME = "$(TARGET_NAME)";
				SWIFT_VERSION = 3.0;
			};
			name = Debug;
		};
		238FA5CA1DB2820000ECA495 /* Release */ = {
			isa = XCBuildConfiguration;
			baseConfigurationReference = 74D44937E259A713A5B63366 /* Pods-Week01_Flicks.release.xcconfig */;
			buildSettings = {
				ASSETCATALOG_COMPILER_APPICON_NAME = AppIcon;
				INFOPLIST_FILE = Week01_Flicks/Info.plist;
				LD_RUNPATH_SEARCH_PATHS = "$(inherited) @executable_path/Frameworks";
				PRODUCT_BUNDLE_IDENTIFIER = "TRUNG.Week01-Flicks";
				PRODUCT_NAME = "$(TARGET_NAME)";
				SWIFT_VERSION = 3.0;
			};
			name = Release;
		};
/* End XCBuildConfiguration section */

/* Begin XCConfigurationList section */
		238FA5B11DB281FF00ECA495 /* Build configuration list for PBXProject "Week01_Flicks" */ = {
			isa = XCConfigurationList;
			buildConfigurations = (
				238FA5C61DB2820000ECA495 /* Debug */,
				238FA5C71DB2820000ECA495 /* Release */,
			);
			defaultConfigurationIsVisible = 0;
			defaultConfigurationName = Release;
		};
		238FA5C81DB2820000ECA495 /* Build configuration list for PBXNativeTarget "Week01_Flicks" */ = {
			isa = XCConfigurationList;
			buildConfigurations = (
				238FA5C91DB2820000ECA495 /* Debug */,
				238FA5CA1DB2820000ECA495 /* Release */,
			);
			defaultConfigurationIsVisible = 0;
			defaultConfigurationName = Release;
		};
/* End XCConfigurationList section */
	};
	rootObject = 238FA5AE1DB281FF00ECA495 /* Project object */;
}
